
Microsoft Visual Studio Solution File, Format Version 12.00
# Visual Studio Version 17
VisualStudioVersion = 17.14.36408.4 d17.14
MinimumVisualStudioVersion = 10.0.40219.1
Project("{FAE04EC0-301F-11D3-BF4B-00C04F79EFBC}") = "Escalera", "Escalera\Escalera.csproj", "{48168C8A-D12D-4345-98C5-63DABF14D306}"
EndProject
Global
	GlobalSection(SolutionConfigurationPlatforms) = preSolution
		Debug|Any CPU = Debug|Any CPU
		Release|Any CPU = Release|Any CPU
	EndGlobalSection
	GlobalSection(ProjectConfigurationPlatforms) = postSolution
		{48168C8A-D12D-4345-98C5-63DABF14D306}.Debug|Any CPU.ActiveCfg = Debug|Any CPU
		{48168C8A-D12D-4345-98C5-63DABF14D306}.Debug|Any CPU.Build.0 = Debug|Any CPU
		{48168C8A-D12D-4345-98C5-63DABF14D306}.Release|Any CPU.ActiveCfg = Release|Any CPU
		{48168C8A-D12D-4345-98C5-63DABF14D306}.Release|Any CPU.Build.0 = Release|Any CPU
	EndGlobalSection
	GlobalSection(SolutionProperties) = preSolution
		HideSolutionNode = FALSE
	EndGlobalSection
	GlobalSection(ExtensibilityGlobals) = postSolution
		SolutionGuid = {51F91FE7-8B76-4CD1-9D9A-F1B54515C03E}
	EndGlobalSection
EndGlobal
