
Microsoft Visual Studio Solution File, Format Version 12.00
# Visual Studio Version 17
VisualStudioVersion = 17.14.36401.2 d17.14
MinimumVisualStudioVersion = 10.0.40219.1
Project("{FAE04EC0-301F-11D3-BF4B-00C04F79EFBC}") = "Prg_V1.FrontEnd", "Prg_V1.FrontEnd\Prg_V1.FrontEnd.csproj", "{A46CFF1B-0CB8-4AE3-8029-9ECE2687019A}"
EndProject
Global
	GlobalSection(SolutionConfigurationPlatforms) = preSolution
		Debug|Any CPU = Debug|Any CPU
		Release|Any CPU = Release|Any CPU
	EndGlobalSection
	GlobalSection(ProjectConfigurationPlatforms) = postSolution
		{A46CFF1B-0CB8-4AE3-8029-9ECE2687019A}.Debug|Any CPU.ActiveCfg = Debug|Any CPU
		{A46CFF1B-0CB8-4AE3-8029-9ECE2687019A}.Debug|Any CPU.Build.0 = Debug|Any CPU
		{A46CFF1B-0CB8-4AE3-8029-9ECE2687019A}.Release|Any CPU.ActiveCfg = Release|Any CPU
		{A46CFF1B-0CB8-4AE3-8029-9ECE2687019A}.Release|Any CPU.Build.0 = Release|Any CPU
	EndGlobalSection
	GlobalSection(SolutionProperties) = preSolution
		HideSolutionNode = FALSE
	EndGlobalSection
	GlobalSection(ExtensibilityGlobals) = postSolution
		SolutionGuid = {0088F42B-B7CC-4640-B197-E365FF673E06}
	EndGlobalSection
EndGlobal
